
Microsoft Visual Studio Solution File, Format Version 12.00
# Visual Studio Version 16
VisualStudioVersion = 16.0.29403.142
MinimumVisualStudioVersion = 10.0.40219.1
Project("{2150E333-8FDC-42A3-9474-1A3956D46DE8}") = "SolutionItems", "SolutionItems", "{23D41448-D7B7-47CD-BE84-0A7555A71853}"
	ProjectSection(SolutionItems) = preProject
		docker-compose.yml = docker-compose.yml
	EndProjectSection
EndProject
Project("{9A19103F-16F7-4668-BE54-9A1E7A4F7556}") = "GOO.Net.Core.Caching", "GOO.Net.Core.Caching.csproj", "{6EBE34AD-DE46-4186-B1CC-CC14EF717E55}"
EndProject
Global
	GlobalSection(SolutionConfigurationPlatforms) = preSolution
		Debug|Any CPU = Debug|Any CPU
		Release|Any CPU = Release|Any CPU
	EndGlobalSection
	GlobalSection(ProjectConfigurationPlatforms) = postSolution
		{6EBE34AD-DE46-4186-B1CC-CC14EF717E55}.Debug|Any CPU.ActiveCfg = Debug|Any CPU
		{6EBE34AD-DE46-4186-B1CC-CC14EF717E55}.Debug|Any CPU.Build.0 = Debug|Any CPU
		{6EBE34AD-DE46-4186-B1CC-CC14EF717E55}.Release|Any CPU.ActiveCfg = Release|Any CPU
		{6EBE34AD-DE46-4186-B1CC-CC14EF717E55}.Release|Any CPU.Build.0 = Release|Any CPU
	EndGlobalSection
	GlobalSection(SolutionProperties) = preSolution
		HideSolutionNode = FALSE
	EndGlobalSection
	GlobalSection(ExtensibilityGlobals) = postSolution
		SolutionGuid = {5C0B5AAE-AF9D-46E6-8108-8CDC996E7F9B}
	EndGlobalSection
EndGlobal
